// !$*UTF8*$!
{
	archiveVersion = 1;
	classes = {
	};
	objectVersion = 50;
	objects = {

/* Begin PBXBuildFile section */
		4E3FFA8826FAF27300DC8EA3 /* CryptoApp.swift in Sources */ = {isa = PBXBuildFile; fileRef = 4E3FFA8726FAF27300DC8EA3 /* CryptoApp.swift */; };
		4E3FFA8A26FAF27300DC8EA3 /* ContentView.swift in Sources */ = {isa = PBXBuildFile; fileRef = 4E3FFA8926FAF27300DC8EA3 /* ContentView.swift */; };
		4E3FFA8F26FAF27300DC8EA3 /* Preview Assets.xcassets in Resources */ = {isa = PBXBuildFile; fileRef = 4E3FFA8E26FAF27300DC8EA3 /* Preview Assets.xcassets */; };
		4E3FFA9726FAF39300DC8EA3 /* Assets.xcassets in Resources */ = {isa = PBXBuildFile; fileRef = 4E3FFA9626FAF39300DC8EA3 /* Assets.xcassets */; };
		4E3FFA9C26FAF59700DC8EA3 /* Color.swift in Sources */ = {isa = PBXBuildFile; fileRef = 4E3FFA9B26FAF59700DC8EA3 /* Color.swift */; };
		4E3FFAA226FAFB3A00DC8EA3 /* HomeView.swift in Sources */ = {isa = PBXBuildFile; fileRef = 4E3FFAA126FAFB3A00DC8EA3 /* HomeView.swift */; };
		4E3FFAA826FAFD1500DC8EA3 /* CircleButtonView.swift in Sources */ = {isa = PBXBuildFile; fileRef = 4E3FFAA726FAFD1500DC8EA3 /* CircleButtonView.swift */; };
		4E3FFAAA26FB025D00DC8EA3 /* CircleButtonAnimationView.swift in Sources */ = {isa = PBXBuildFile; fileRef = 4E3FFAA926FB025D00DC8EA3 /* CircleButtonAnimationView.swift */; };
		4E3FFAAD26FB1EEC00DC8EA3 /* CoinModel.swift in Sources */ = {isa = PBXBuildFile; fileRef = 4E3FFAAC26FB1EEC00DC8EA3 /* CoinModel.swift */; };
		4E3FFAAF26FB2CE200DC8EA3 /* CoinRowView.swift in Sources */ = {isa = PBXBuildFile; fileRef = 4E3FFAAE26FB2CE200DC8EA3 /* CoinRowView.swift */; };
		4E3FFAB126FB2D6E00DC8EA3 /* PreviewProvider.swift in Sources */ = {isa = PBXBuildFile; fileRef = 4E3FFAB026FB2D6E00DC8EA3 /* PreviewProvider.swift */; };
		4E3FFAB326FB322F00DC8EA3 /* Double.swift in Sources */ = {isa = PBXBuildFile; fileRef = 4E3FFAB226FB322F00DC8EA3 /* Double.swift */; };
		4E3FFAB526FB43AC00DC8EA3 /* HomeViewModel.swift in Sources */ = {isa = PBXBuildFile; fileRef = 4E3FFAB426FB43AC00DC8EA3 /* HomeViewModel.swift */; };
		4E3FFAB826FB4E6200DC8EA3 /* CoinDataService.swift in Sources */ = {isa = PBXBuildFile; fileRef = 4E3FFAB726FB4E6200DC8EA3 /* CoinDataService.swift */; };
		4E3FFABB26FB5B2900DC8EA3 /* NetworkingManager.swift in Sources */ = {isa = PBXBuildFile; fileRef = 4E3FFABA26FB5B2900DC8EA3 /* NetworkingManager.swift */; };
		4E3FFABE26FB9AEB00DC8EA3 /* CoinImageView.swift in Sources */ = {isa = PBXBuildFile; fileRef = 4E3FFABD26FB9AEB00DC8EA3 /* CoinImageView.swift */; };
		4E3FFAC026FB9CE400DC8EA3 /* CoinImageService.swift in Sources */ = {isa = PBXBuildFile; fileRef = 4E3FFABF26FB9CE400DC8EA3 /* CoinImageService.swift */; };
		4E3FFAC226FB9EB100DC8EA3 /* CoinImageViewModel.swift in Sources */ = {isa = PBXBuildFile; fileRef = 4E3FFAC126FB9EB100DC8EA3 /* CoinImageViewModel.swift */; };
		4E5E49202701CF3500751CFE /* PortfolioView.swift in Sources */ = {isa = PBXBuildFile; fileRef = 4E5E491F2701CF3500751CFE /* PortfolioView.swift */; };
		4E5E49222701D28100751CFE /* XMarkButton.swift in Sources */ = {isa = PBXBuildFile; fileRef = 4E5E49212701D28100751CFE /* XMarkButton.swift */; };
		4E5E49242701D7C000751CFE /* CoinLogoView.swift in Sources */ = {isa = PBXBuildFile; fileRef = 4E5E49232701D7C000751CFE /* CoinLogoView.swift */; };
		4E677637270240080040F0AD /* PortfolioContainer.xcdatamodeld in Sources */ = {isa = PBXBuildFile; fileRef = 4E677635270240080040F0AD /* PortfolioContainer.xcdatamodeld */; };
		4E677639270240B40040F0AD /* PortfolioDataService.swift in Sources */ = {isa = PBXBuildFile; fileRef = 4E677638270240B40040F0AD /* PortfolioDataService.swift */; };
		4E9DA83626FDBB8500C03B5E /* LocalFileManager.swift in Sources */ = {isa = PBXBuildFile; fileRef = 4E9DA83526FDBB8500C03B5E /* LocalFileManager.swift */; };
		4E9DA83826FDC98600C03B5E /* SearchBarView.swift in Sources */ = {isa = PBXBuildFile; fileRef = 4E9DA83726FDC98600C03B5E /* SearchBarView.swift */; };
		4E9DA83A26FDD2DF00C03B5E /* UIApplication.swift in Sources */ = {isa = PBXBuildFile; fileRef = 4E9DA83926FDD2DF00C03B5E /* UIApplication.swift */; };
		4E9DA83C26FDE30B00C03B5E /* Statistic.swift in Sources */ = {isa = PBXBuildFile; fileRef = 4E9DA83B26FDE30B00C03B5E /* Statistic.swift */; };
		4E9DA83E26FDE4DE00C03B5E /* StatisticView.swift in Sources */ = {isa = PBXBuildFile; fileRef = 4E9DA83D26FDE4DE00C03B5E /* StatisticView.swift */; };
		4E9DA84026FDE8D400C03B5E /* HomeStatsView.swift in Sources */ = {isa = PBXBuildFile; fileRef = 4E9DA83F26FDE8D400C03B5E /* HomeStatsView.swift */; };
		4EEC73D72700B4F500D39F12 /* MarketDataModel.swift in Sources */ = {isa = PBXBuildFile; fileRef = 4EEC73D62700B4F500D39F12 /* MarketDataModel.swift */; };
		4EEC73D92700EB0200D39F12 /* MarketDataService.swift in Sources */ = {isa = PBXBuildFile; fileRef = 4EEC73D82700EB0200D39F12 /* MarketDataService.swift */; };
/* End PBXBuildFile section */

/* Begin PBXFileReference section */
		4E3FFA8426FAF27300DC8EA3 /* Crypto.app */ = {isa = PBXFileReference; explicitFileType = wrapper.application; includeInIndex = 0; path = Crypto.app; sourceTree = BUILT_PRODUCTS_DIR; };
		4E3FFA8726FAF27300DC8EA3 /* CryptoApp.swift */ = {isa = PBXFileReference; lastKnownFileType = sourcecode.swift; path = CryptoApp.swift; sourceTree = "<group>"; };
		4E3FFA8926FAF27300DC8EA3 /* ContentView.swift */ = {isa = PBXFileReference; lastKnownFileType = sourcecode.swift; path = ContentView.swift; sourceTree = "<group>"; };
		4E3FFA8E26FAF27300DC8EA3 /* Preview Assets.xcassets */ = {isa = PBXFileReference; lastKnownFileType = folder.assetcatalog; path = "Preview Assets.xcassets"; sourceTree = "<group>"; };
		4E3FFA9026FAF27300DC8EA3 /* Info.plist */ = {isa = PBXFileReference; lastKnownFileType = text.plist.xml; path = Info.plist; sourceTree = "<group>"; };
		4E3FFA9626FAF39300DC8EA3 /* Assets.xcassets */ = {isa = PBXFileReference; lastKnownFileType = folder.assetcatalog; name = Assets.xcassets; path = ../../../../../Downloads/Resources/Assets.xcassets; sourceTree = "<group>"; };
		4E3FFA9B26FAF59700DC8EA3 /* Color.swift */ = {isa = PBXFileReference; lastKnownFileType = sourcecode.swift; path = Color.swift; sourceTree = "<group>"; };
		4E3FFAA126FAFB3A00DC8EA3 /* HomeView.swift */ = {isa = PBXFileReference; lastKnownFileType = sourcecode.swift; path = HomeView.swift; sourceTree = "<group>"; };
		4E3FFAA726FAFD1500DC8EA3 /* CircleButtonView.swift */ = {isa = PBXFileReference; lastKnownFileType = sourcecode.swift; path = CircleButtonView.swift; sourceTree = "<group>"; };
		4E3FFAA926FB025D00DC8EA3 /* CircleButtonAnimationView.swift */ = {isa = PBXFileReference; lastKnownFileType = sourcecode.swift; path = CircleButtonAnimationView.swift; sourceTree = "<group>"; };
		4E3FFAAC26FB1EEC00DC8EA3 /* CoinModel.swift */ = {isa = PBXFileReference; lastKnownFileType = sourcecode.swift; path = CoinModel.swift; sourceTree = "<group>"; };
		4E3FFAAE26FB2CE200DC8EA3 /* CoinRowView.swift */ = {isa = PBXFileReference; lastKnownFileType = sourcecode.swift; path = CoinRowView.swift; sourceTree = "<group>"; };
		4E3FFAB026FB2D6E00DC8EA3 /* PreviewProvider.swift */ = {isa = PBXFileReference; lastKnownFileType = sourcecode.swift; path = PreviewProvider.swift; sourceTree = "<group>"; };
		4E3FFAB226FB322F00DC8EA3 /* Double.swift */ = {isa = PBXFileReference; lastKnownFileType = sourcecode.swift; path = Double.swift; sourceTree = "<group>"; };
		4E3FFAB426FB43AC00DC8EA3 /* HomeViewModel.swift */ = {isa = PBXFileReference; lastKnownFileType = sourcecode.swift; path = HomeViewModel.swift; sourceTree = "<group>"; };
		4E3FFAB726FB4E6200DC8EA3 /* CoinDataService.swift */ = {isa = PBXFileReference; lastKnownFileType = sourcecode.swift; path = CoinDataService.swift; sourceTree = "<group>"; };
		4E3FFABA26FB5B2900DC8EA3 /* NetworkingManager.swift */ = {isa = PBXFileReference; lastKnownFileType = sourcecode.swift; path = NetworkingManager.swift; sourceTree = "<group>"; };
		4E3FFABD26FB9AEB00DC8EA3 /* CoinImageView.swift */ = {isa = PBXFileReference; lastKnownFileType = sourcecode.swift; path = CoinImageView.swift; sourceTree = "<group>"; };
		4E3FFABF26FB9CE400DC8EA3 /* CoinImageService.swift */ = {isa = PBXFileReference; lastKnownFileType = sourcecode.swift; path = CoinImageService.swift; sourceTree = "<group>"; };
		4E3FFAC126FB9EB100DC8EA3 /* CoinImageViewModel.swift */ = {isa = PBXFileReference; lastKnownFileType = sourcecode.swift; path = CoinImageViewModel.swift; sourceTree = "<group>"; };
		4E5E491F2701CF3500751CFE /* PortfolioView.swift */ = {isa = PBXFileReference; lastKnownFileType = sourcecode.swift; path = PortfolioView.swift; sourceTree = "<group>"; };
		4E5E49212701D28100751CFE /* XMarkButton.swift */ = {isa = PBXFileReference; lastKnownFileType = sourcecode.swift; path = XMarkButton.swift; sourceTree = "<group>"; };
		4E5E49232701D7C000751CFE /* CoinLogoView.swift */ = {isa = PBXFileReference; lastKnownFileType = sourcecode.swift; path = CoinLogoView.swift; sourceTree = "<group>"; };
		4E677636270240080040F0AD /* PortfolioContainer.xcdatamodel */ = {isa = PBXFileReference; lastKnownFileType = wrapper.xcdatamodel; path = PortfolioContainer.xcdatamodel; sourceTree = "<group>"; };
		4E677638270240B40040F0AD /* PortfolioDataService.swift */ = {isa = PBXFileReference; lastKnownFileType = sourcecode.swift; path = PortfolioDataService.swift; sourceTree = "<group>"; };
		4E9DA83526FDBB8500C03B5E /* LocalFileManager.swift */ = {isa = PBXFileReference; lastKnownFileType = sourcecode.swift; path = LocalFileManager.swift; sourceTree = "<group>"; };
		4E9DA83726FDC98600C03B5E /* SearchBarView.swift */ = {isa = PBXFileReference; lastKnownFileType = sourcecode.swift; path = SearchBarView.swift; sourceTree = "<group>"; };
		4E9DA83926FDD2DF00C03B5E /* UIApplication.swift */ = {isa = PBXFileReference; lastKnownFileType = sourcecode.swift; path = UIApplication.swift; sourceTree = "<group>"; };
		4E9DA83B26FDE30B00C03B5E /* Statistic.swift */ = {isa = PBXFileReference; lastKnownFileType = sourcecode.swift; path = Statistic.swift; sourceTree = "<group>"; };
		4E9DA83D26FDE4DE00C03B5E /* StatisticView.swift */ = {isa = PBXFileReference; lastKnownFileType = sourcecode.swift; path = StatisticView.swift; sourceTree = "<group>"; };
		4E9DA83F26FDE8D400C03B5E /* HomeStatsView.swift */ = {isa = PBXFileReference; lastKnownFileType = sourcecode.swift; path = HomeStatsView.swift; sourceTree = "<group>"; };
		4EEC73D62700B4F500D39F12 /* MarketDataModel.swift */ = {isa = PBXFileReference; lastKnownFileType = sourcecode.swift; path = MarketDataModel.swift; sourceTree = "<group>"; };
		4EEC73D82700EB0200D39F12 /* MarketDataService.swift */ = {isa = PBXFileReference; lastKnownFileType = sourcecode.swift; path = MarketDataService.swift; sourceTree = "<group>"; };
/* End PBXFileReference section */

/* Begin PBXFrameworksBuildPhase section */
		4E3FFA8126FAF27300DC8EA3 /* Frameworks */ = {
			isa = PBXFrameworksBuildPhase;
			buildActionMask = 2147483647;
			files = (
			);
			runOnlyForDeploymentPostprocessing = 0;
		};
/* End PBXFrameworksBuildPhase section */

/* Begin PBXGroup section */
		4E3FFA7B26FAF27300DC8EA3 = {
			isa = PBXGroup;
			children = (
				4E3FFA8626FAF27300DC8EA3 /* Crypto */,
				4E3FFA8526FAF27300DC8EA3 /* Products */,
			);
			sourceTree = "<group>";
		};
		4E3FFA8526FAF27300DC8EA3 /* Products */ = {
			isa = PBXGroup;
			children = (
				4E3FFA8426FAF27300DC8EA3 /* Crypto.app */,
			);
			name = Products;
			sourceTree = "<group>";
		};
		4E3FFA8626FAF27300DC8EA3 /* Crypto */ = {
			isa = PBXGroup;
			children = (
				4E3FFA8726FAF27300DC8EA3 /* CryptoApp.swift */,
				4E3FFAB926FB5AED00DC8EA3 /* Utilities */,
				4E3FFA9A26FAF58500DC8EA3 /* Extensions */,
				4E3FFAB626FB4E3A00DC8EA3 /* Services */,
				4E3FFAAB26FB1EC600DC8EA3 /* Models */,
				4E3FFA9D26FAFA7900DC8EA3 /* Core */,
				4E3FFA8926FAF27300DC8EA3 /* ContentView.swift */,
				4E3FFA9626FAF39300DC8EA3 /* Assets.xcassets */,
				4E3FFA9026FAF27300DC8EA3 /* Info.plist */,
				4E3FFA8D26FAF27300DC8EA3 /* Preview Content */,
			);
			path = Crypto;
			sourceTree = "<group>";
		};
		4E3FFA8D26FAF27300DC8EA3 /* Preview Content */ = {
			isa = PBXGroup;
			children = (
				4E3FFA8E26FAF27300DC8EA3 /* Preview Assets.xcassets */,
			);
			path = "Preview Content";
			sourceTree = "<group>";
		};
		4E3FFA9A26FAF58500DC8EA3 /* Extensions */ = {
			isa = PBXGroup;
			children = (
				4E3FFA9B26FAF59700DC8EA3 /* Color.swift */,
				4E3FFAB026FB2D6E00DC8EA3 /* PreviewProvider.swift */,
				4E3FFAB226FB322F00DC8EA3 /* Double.swift */,
				4E9DA83926FDD2DF00C03B5E /* UIApplication.swift */,
			);
			path = Extensions;
			sourceTree = "<group>";
		};
		4E3FFA9D26FAFA7900DC8EA3 /* Core */ = {
			isa = PBXGroup;
			children = (
				4E3FFAA326FAFCC900DC8EA3 /* Components */,
				4E3FFA9E26FAFA8200DC8EA3 /* Home */,
			);
			path = Core;
			sourceTree = "<group>";
		};
		4E3FFA9E26FAFA8200DC8EA3 /* Home */ = {
			isa = PBXGroup;
			children = (
				4E3FFAA026FAFB1A00DC8EA3 /* ViewModels */,
				4E3FFA9F26FAFB0E00DC8EA3 /* Views */,
			);
			path = Home;
			sourceTree = "<group>";
		};
		4E3FFA9F26FAFB0E00DC8EA3 /* Views */ = {
			isa = PBXGroup;
			children = (
				4E3FFAA126FAFB3A00DC8EA3 /* HomeView.swift */,
				4E3FFAAE26FB2CE200DC8EA3 /* CoinRowView.swift */,
				4E9DA83F26FDE8D400C03B5E /* HomeStatsView.swift */,
				4E5E491F2701CF3500751CFE /* PortfolioView.swift */,
			);
			path = Views;
			sourceTree = "<group>";
		};
		4E3FFAA026FAFB1A00DC8EA3 /* ViewModels */ = {
			isa = PBXGroup;
			children = (
				4E3FFAB426FB43AC00DC8EA3 /* HomeViewModel.swift */,
			);
			path = ViewModels;
			sourceTree = "<group>";
		};
		4E3FFAA326FAFCC900DC8EA3 /* Components */ = {
			isa = PBXGroup;
			children = (
				4E3FFABC26FB9ADA00DC8EA3 /* CoinImage */,
				4E3FFAA626FAFCFC00DC8EA3 /* CircleButton */,
				4E9DA83726FDC98600C03B5E /* SearchBarView.swift */,
				4E9DA83D26FDE4DE00C03B5E /* StatisticView.swift */,
				4E5E49212701D28100751CFE /* XMarkButton.swift */,
			);
			path = Components;
			sourceTree = "<group>";
		};
		4E3FFAA626FAFCFC00DC8EA3 /* CircleButton */ = {
			isa = PBXGroup;
			children = (
				4E3FFAA726FAFD1500DC8EA3 /* CircleButtonView.swift */,
				4E3FFAA926FB025D00DC8EA3 /* CircleButtonAnimationView.swift */,
			);
			path = CircleButton;
			sourceTree = "<group>";
		};
		4E3FFAAB26FB1EC600DC8EA3 /* Models */ = {
			isa = PBXGroup;
			children = (
				4E3FFAAC26FB1EEC00DC8EA3 /* CoinModel.swift */,
				4E9DA83B26FDE30B00C03B5E /* Statistic.swift */,
				4EEC73D62700B4F500D39F12 /* MarketDataModel.swift */,
				4E677635270240080040F0AD /* PortfolioContainer.xcdatamodeld */,
			);
			path = Models;
			sourceTree = "<group>";
		};
		4E3FFAB626FB4E3A00DC8EA3 /* Services */ = {
			isa = PBXGroup;
			children = (
				4E3FFAB726FB4E6200DC8EA3 /* CoinDataService.swift */,
				4E3FFABF26FB9CE400DC8EA3 /* CoinImageService.swift */,
				4EEC73D82700EB0200D39F12 /* MarketDataService.swift */,
				4E677638270240B40040F0AD /* PortfolioDataService.swift */,
			);
			path = Services;
			sourceTree = "<group>";
		};
		4E3FFAB926FB5AED00DC8EA3 /* Utilities */ = {
			isa = PBXGroup;
			children = (
				4E3FFABA26FB5B2900DC8EA3 /* NetworkingManager.swift */,
				4E9DA83526FDBB8500C03B5E /* LocalFileManager.swift */,
			);
			path = Utilities;
			sourceTree = "<group>";
		};
		4E3FFABC26FB9ADA00DC8EA3 /* CoinImage */ = {
			isa = PBXGroup;
			children = (
				4E3FFABD26FB9AEB00DC8EA3 /* CoinImageView.swift */,
				4E3FFAC126FB9EB100DC8EA3 /* CoinImageViewModel.swift */,
				4E5E49232701D7C000751CFE /* CoinLogoView.swift */,
			);
			path = CoinImage;
			sourceTree = "<group>";
		};
/* End PBXGroup section */

/* Begin PBXNativeTarget section */
		4E3FFA8326FAF27300DC8EA3 /* Crypto */ = {
			isa = PBXNativeTarget;
			buildConfigurationList = 4E3FFA9326FAF27300DC8EA3 /* Build configuration list for PBXNativeTarget "Crypto" */;
			buildPhases = (
				4E3FFA8026FAF27300DC8EA3 /* Sources */,
				4E3FFA8126FAF27300DC8EA3 /* Frameworks */,
				4E3FFA8226FAF27300DC8EA3 /* Resources */,
			);
			buildRules = (
			);
			dependencies = (
			);
			name = Crypto;
			productName = Crypto;
			productReference = 4E3FFA8426FAF27300DC8EA3 /* Crypto.app */;
			productType = "com.apple.product-type.application";
		};
/* End PBXNativeTarget section */

/* Begin PBXProject section */
		4E3FFA7C26FAF27300DC8EA3 /* Project object */ = {
			isa = PBXProject;
			attributes = {
				LastSwiftUpdateCheck = 1250;
				LastUpgradeCheck = 1250;
				TargetAttributes = {
					4E3FFA8326FAF27300DC8EA3 = {
						CreatedOnToolsVersion = 12.5.1;
					};
				};
			};
			buildConfigurationList = 4E3FFA7F26FAF27300DC8EA3 /* Build configuration list for PBXProject "Crypto" */;
			compatibilityVersion = "Xcode 9.3";
			developmentRegion = en;
			hasScannedForEncodings = 0;
			knownRegions = (
				en,
				Base,
			);
			mainGroup = 4E3FFA7B26FAF27300DC8EA3;
			productRefGroup = 4E3FFA8526FAF27300DC8EA3 /* Products */;
			projectDirPath = "";
			projectRoot = "";
			targets = (
				4E3FFA8326FAF27300DC8EA3 /* Crypto */,
			);
		};
/* End PBXProject section */

/* Begin PBXResourcesBuildPhase section */
		4E3FFA8226FAF27300DC8EA3 /* Resources */ = {
			isa = PBXResourcesBuildPhase;
			buildActionMask = 2147483647;
			files = (
				4E3FFA8F26FAF27300DC8EA3 /* Preview Assets.xcassets in Resources */,
				4E3FFA9726FAF39300DC8EA3 /* Assets.xcassets in Resources */,
			);
			runOnlyForDeploymentPostprocessing = 0;
		};
/* End PBXResourcesBuildPhase section */

/* Begin PBXSourcesBuildPhase section */
		4E3FFA8026FAF27300DC8EA3 /* Sources */ = {
			isa = PBXSourcesBuildPhase;
			buildActionMask = 2147483647;
			files = (
				4E677637270240080040F0AD /* PortfolioContainer.xcdatamodeld in Sources */,
				4E3FFAB826FB4E6200DC8EA3 /* CoinDataService.swift in Sources */,
				4E3FFAAF26FB2CE200DC8EA3 /* CoinRowView.swift in Sources */,
				4E3FFAB526FB43AC00DC8EA3 /* HomeViewModel.swift in Sources */,
				4E5E49222701D28100751CFE /* XMarkButton.swift in Sources */,
				4E3FFA8A26FAF27300DC8EA3 /* ContentView.swift in Sources */,
				4E9DA83626FDBB8500C03B5E /* LocalFileManager.swift in Sources */,
				4E3FFAA226FAFB3A00DC8EA3 /* HomeView.swift in Sources */,
				4EEC73D72700B4F500D39F12 /* MarketDataModel.swift in Sources */,
				4E3FFABE26FB9AEB00DC8EA3 /* CoinImageView.swift in Sources */,
				4E9DA83E26FDE4DE00C03B5E /* StatisticView.swift in Sources */,
				4E3FFA8826FAF27300DC8EA3 /* CryptoApp.swift in Sources */,
				4E9DA83A26FDD2DF00C03B5E /* UIApplication.swift in Sources */,
				4E3FFAA826FAFD1500DC8EA3 /* CircleButtonView.swift in Sources */,
				4E3FFA9C26FAF59700DC8EA3 /* Color.swift in Sources */,
				4E9DA83826FDC98600C03B5E /* SearchBarView.swift in Sources */,
				4E3FFABB26FB5B2900DC8EA3 /* NetworkingManager.swift in Sources */,
				4E3FFAAA26FB025D00DC8EA3 /* CircleButtonAnimationView.swift in Sources */,
				4E5E49242701D7C000751CFE /* CoinLogoView.swift in Sources */,
				4E9DA84026FDE8D400C03B5E /* HomeStatsView.swift in Sources */,
				4EEC73D92700EB0200D39F12 /* MarketDataService.swift in Sources */,
				4E3FFAC226FB9EB100DC8EA3 /* CoinImageViewModel.swift in Sources */,
				4E3FFAB126FB2D6E00DC8EA3 /* PreviewProvider.swift in Sources */,
				4E3FFAB326FB322F00DC8EA3 /* Double.swift in Sources */,
				4E5E49202701CF3500751CFE /* PortfolioView.swift in Sources */,
				4E3FFAC026FB9CE400DC8EA3 /* CoinImageService.swift in Sources */,
				4E9DA83C26FDE30B00C03B5E /* Statistic.swift in Sources */,
				4E3FFAAD26FB1EEC00DC8EA3 /* CoinModel.swift in Sources */,
				4E677639270240B40040F0AD /* PortfolioDataService.swift in Sources */,
			);
			runOnlyForDeploymentPostprocessing = 0;
		};
/* End PBXSourcesBuildPhase section */

/* Begin XCBuildConfiguration section */
		4E3FFA9126FAF27300DC8EA3 /* Debug */ = {
			isa = XCBuildConfiguration;
			buildSettings = {
				ALWAYS_SEARCH_USER_PATHS = NO;
				CLANG_ANALYZER_NONNULL = YES;
				CLANG_ANALYZER_NUMBER_OBJECT_CONVERSION = YES_AGGRESSIVE;
				CLANG_CXX_LANGUAGE_STANDARD = "gnu++14";
				CLANG_CXX_LIBRARY = "libc++";
				CLANG_ENABLE_MODULES = YES;
				CLANG_ENABLE_OBJC_ARC = YES;
				CLANG_ENABLE_OBJC_WEAK = YES;
				CLANG_WARN_BLOCK_CAPTURE_AUTORELEASING = YES;
				CLANG_WARN_BOOL_CONVERSION = YES;
				CLANG_WARN_COMMA = YES;
				CLANG_WARN_CONSTANT_CONVERSION = YES;
				CLANG_WARN_DEPRECATED_OBJC_IMPLEMENTATIONS = YES;
				CLANG_WARN_DIRECT_OBJC_ISA_USAGE = YES_ERROR;
				CLANG_WARN_DOCUMENTATION_COMMENTS = YES;
				CLANG_WARN_EMPTY_BODY = YES;
				CLANG_WARN_ENUM_CONVERSION = YES;
				CLANG_WARN_INFINITE_RECURSION = YES;
				CLANG_WARN_INT_CONVERSION = YES;
				CLANG_WARN_NON_LITERAL_NULL_CONVERSION = YES;
				CLANG_WARN_OBJC_IMPLICIT_RETAIN_SELF = YES;
				CLANG_WARN_OBJC_LITERAL_CONVERSION = YES;
				CLANG_WARN_OBJC_ROOT_CLASS = YES_ERROR;
				CLANG_WARN_QUOTED_INCLUDE_IN_FRAMEWORK_HEADER = YES;
				CLANG_WARN_RANGE_LOOP_ANALYSIS = YES;
				CLANG_WARN_STRICT_PROTOTYPES = YES;
				CLANG_WARN_SUSPICIOUS_MOVE = YES;
				CLANG_WARN_UNGUARDED_AVAILABILITY = YES_AGGRESSIVE;
				CLANG_WARN_UNREACHABLE_CODE = YES;
				CLANG_WARN__DUPLICATE_METHOD_MATCH = YES;
				COPY_PHASE_STRIP = NO;
				DEBUG_INFORMATION_FORMAT = dwarf;
				ENABLE_STRICT_OBJC_MSGSEND = YES;
				ENABLE_TESTABILITY = YES;
				GCC_C_LANGUAGE_STANDARD = gnu11;
				GCC_DYNAMIC_NO_PIC = NO;
				GCC_NO_COMMON_BLOCKS = YES;
				GCC_OPTIMIZATION_LEVEL = 0;
				GCC_PREPROCESSOR_DEFINITIONS = (
					"DEBUG=1",
					"$(inherited)",
				);
				GCC_WARN_64_TO_32_BIT_CONVERSION = YES;
				GCC_WARN_ABOUT_RETURN_TYPE = YES_ERROR;
				GCC_WARN_UNDECLARED_SELECTOR = YES;
				GCC_WARN_UNINITIALIZED_AUTOS = YES_AGGRESSIVE;
				GCC_WARN_UNUSED_FUNCTION = YES;
				GCC_WARN_UNUSED_VARIABLE = YES;
				IPHONEOS_DEPLOYMENT_TARGET = 14.5;
				MTL_ENABLE_DEBUG_INFO = INCLUDE_SOURCE;
				MTL_FAST_MATH = YES;
				ONLY_ACTIVE_ARCH = YES;
				SDKROOT = iphoneos;
				SWIFT_ACTIVE_COMPILATION_CONDITIONS = DEBUG;
				SWIFT_OPTIMIZATION_LEVEL = "-Onone";
			};
			name = Debug;
		};
		4E3FFA9226FAF27300DC8EA3 /* Release */ = {
			isa = XCBuildConfiguration;
			buildSettings = {
				ALWAYS_SEARCH_USER_PATHS = NO;
				CLANG_ANALYZER_NONNULL = YES;
				CLANG_ANALYZER_NUMBER_OBJECT_CONVERSION = YES_AGGRESSIVE;
				CLANG_CXX_LANGUAGE_STANDARD = "gnu++14";
				CLANG_CXX_LIBRARY = "libc++";
				CLANG_ENABLE_MODULES = YES;
				CLANG_ENABLE_OBJC_ARC = YES;
				CLANG_ENABLE_OBJC_WEAK = YES;
				CLANG_WARN_BLOCK_CAPTURE_AUTORELEASING = YES;
				CLANG_WARN_BOOL_CONVERSION = YES;
				CLANG_WARN_COMMA = YES;
				CLANG_WARN_CONSTANT_CONVERSION = YES;
				CLANG_WARN_DEPRECATED_OBJC_IMPLEMENTATIONS = YES;
				CLANG_WARN_DIRECT_OBJC_ISA_USAGE = YES_ERROR;
				CLANG_WARN_DOCUMENTATION_COMMENTS = YES;
				CLANG_WARN_EMPTY_BODY = YES;
				CLANG_WARN_ENUM_CONVERSION = YES;
				CLANG_WARN_INFINITE_RECURSION = YES;
				CLANG_WARN_INT_CONVERSION = YES;
				CLANG_WARN_NON_LITERAL_NULL_CONVERSION = YES;
				CLANG_WARN_OBJC_IMPLICIT_RETAIN_SELF = YES;
				CLANG_WARN_OBJC_LITERAL_CONVERSION = YES;
				CLANG_WARN_OBJC_ROOT_CLASS = YES_ERROR;
				CLANG_WARN_QUOTED_INCLUDE_IN_FRAMEWORK_HEADER = YES;
				CLANG_WARN_RANGE_LOOP_ANALYSIS = YES;
				CLANG_WARN_STRICT_PROTOTYPES = YES;
				CLANG_WARN_SUSPICIOUS_MOVE = YES;
				CLANG_WARN_UNGUARDED_AVAILABILITY = YES_AGGRESSIVE;
				CLANG_WARN_UNREACHABLE_CODE = YES;
				CLANG_WARN__DUPLICATE_METHOD_MATCH = YES;
				COPY_PHASE_STRIP = NO;
				DEBUG_INFORMATION_FORMAT = "dwarf-with-dsym";
				ENABLE_NS_ASSERTIONS = NO;
				ENABLE_STRICT_OBJC_MSGSEND = YES;
				GCC_C_LANGUAGE_STANDARD = gnu11;
				GCC_NO_COMMON_BLOCKS = YES;
				GCC_WARN_64_TO_32_BIT_CONVERSION = YES;
				GCC_WARN_ABOUT_RETURN_TYPE = YES_ERROR;
				GCC_WARN_UNDECLARED_SELECTOR = YES;
				GCC_WARN_UNINITIALIZED_AUTOS = YES_AGGRESSIVE;
				GCC_WARN_UNUSED_FUNCTION = YES;
				GCC_WARN_UNUSED_VARIABLE = YES;
				IPHONEOS_DEPLOYMENT_TARGET = 14.5;
				MTL_ENABLE_DEBUG_INFO = NO;
				MTL_FAST_MATH = YES;
				SDKROOT = iphoneos;
				SWIFT_COMPILATION_MODE = wholemodule;
				SWIFT_OPTIMIZATION_LEVEL = "-O";
				VALIDATE_PRODUCT = YES;
			};
			name = Release;
		};
		4E3FFA9426FAF27300DC8EA3 /* Debug */ = {
			isa = XCBuildConfiguration;
			buildSettings = {
				ASSETCATALOG_COMPILER_APPICON_NAME = AppIcon;
				ASSETCATALOG_COMPILER_GLOBAL_ACCENT_COLOR_NAME = AccentColor;
				CODE_SIGN_STYLE = Automatic;
				DEVELOPMENT_ASSET_PATHS = "\"Crypto/Preview Content\"";
				DEVELOPMENT_TEAM = FB2SB6CJW7;
				ENABLE_PREVIEWS = YES;
				INFOPLIST_FILE = Crypto/Info.plist;
				IPHONEOS_DEPLOYMENT_TARGET = 14.0;
				LD_RUNPATH_SEARCH_PATHS = (
					"$(inherited)",
					"@executable_path/Frameworks",
				);
				PRODUCT_BUNDLE_IDENTIFIER = io.github.karybekov22.Crypto;
				PRODUCT_NAME = "$(TARGET_NAME)";
				SWIFT_VERSION = 5.0;
				TARGETED_DEVICE_FAMILY = "1,2";
			};
			name = Debug;
		};
		4E3FFA9526FAF27300DC8EA3 /* Release */ = {
			isa = XCBuildConfiguration;
			buildSettings = {
				ASSETCATALOG_COMPILER_APPICON_NAME = AppIcon;
				ASSETCATALOG_COMPILER_GLOBAL_ACCENT_COLOR_NAME = AccentColor;
				CODE_SIGN_STYLE = Automatic;
				DEVELOPMENT_ASSET_PATHS = "\"Crypto/Preview Content\"";
				DEVELOPMENT_TEAM = FB2SB6CJW7;
				ENABLE_PREVIEWS = YES;
				INFOPLIST_FILE = Crypto/Info.plist;
				IPHONEOS_DEPLOYMENT_TARGET = 14.0;
				LD_RUNPATH_SEARCH_PATHS = (
					"$(inherited)",
					"@executable_path/Frameworks",
				);
				PRODUCT_BUNDLE_IDENTIFIER = io.github.karybekov22.Crypto;
				PRODUCT_NAME = "$(TARGET_NAME)";
				SWIFT_VERSION = 5.0;
				TARGETED_DEVICE_FAMILY = "1,2";
			};
			name = Release;
		};
/* End XCBuildConfiguration section */

/* Begin XCConfigurationList section */
		4E3FFA7F26FAF27300DC8EA3 /* Build configuration list for PBXProject "Crypto" */ = {
			isa = XCConfigurationList;
			buildConfigurations = (
				4E3FFA9126FAF27300DC8EA3 /* Debug */,
				4E3FFA9226FAF27300DC8EA3 /* Release */,
			);
			defaultConfigurationIsVisible = 0;
			defaultConfigurationName = Release;
		};
		4E3FFA9326FAF27300DC8EA3 /* Build configuration list for PBXNativeTarget "Crypto" */ = {
			isa = XCConfigurationList;
			buildConfigurations = (
				4E3FFA9426FAF27300DC8EA3 /* Debug */,
				4E3FFA9526FAF27300DC8EA3 /* Release */,
			);
			defaultConfigurationIsVisible = 0;
			defaultConfigurationName = Release;
		};
/* End XCConfigurationList section */

/* Begin XCVersionGroup section */
		4E677635270240080040F0AD /* PortfolioContainer.xcdatamodeld */ = {
			isa = XCVersionGroup;
			children = (
				4E677636270240080040F0AD /* PortfolioContainer.xcdatamodel */,
			);
			currentVersion = 4E677636270240080040F0AD /* PortfolioContainer.xcdatamodel */;
			path = PortfolioContainer.xcdatamodeld;
			sourceTree = "<group>";
			versionGroupType = wrapper.xcdatamodel;
		};
/* End XCVersionGroup section */
	};
	rootObject = 4E3FFA7C26FAF27300DC8EA3 /* Project object */;
}
